
Microsoft Visual Studio Solution File, Format Version 12.00
# Visual Studio Version 17
VisualStudioVersion = 17.4.33205.214
MinimumVisualStudioVersion = 10.0.40219.1
Project("{FAE04EC0-301F-11D3-BF4B-00C04F79EFBC}") = "EntityFrameworkCore.Query.Extensions", "EntityFrameworkCore.Query.Extensions.csproj", "{FAF4E4DF-FD95-4DD0-AEA7-10F78C7B2FEA}"
EndProject
Global
	GlobalSection(SolutionConfigurationPlatforms) = preSolution
		Debug|Any CPU = Debug|Any CPU
		Release|Any CPU = Release|Any CPU
	EndGlobalSection
	GlobalSection(ProjectConfigurationPlatforms) = postSolution
		{FAF4E4DF-FD95-4DD0-AEA7-10F78C7B2FEA}.Debug|Any CPU.ActiveCfg = Debug|Any CPU
		{FAF4E4DF-FD95-4DD0-AEA7-10F78C7B2FEA}.Debug|Any CPU.Build.0 = Debug|Any CPU
		{FAF4E4DF-FD95-4DD0-AEA7-10F78C7B2FEA}.Release|Any CPU.ActiveCfg = Release|Any CPU
		{FAF4E4DF-FD95-4DD0-AEA7-10F78C7B2FEA}.Release|Any CPU.Build.0 = Release|Any CPU
	EndGlobalSection
	GlobalSection(SolutionProperties) = preSolution
		HideSolutionNode = FALSE
	EndGlobalSection
	GlobalSection(ExtensibilityGlobals) = postSolution
		SolutionGuid = {BC814329-4FF5-490E-B6C2-24761507C750}
	EndGlobalSection
EndGlobal
